
Microsoft Visual Studio Solution File, Format Version 12.00
Project("{FAE04EC0-301F-11D3-BF4B-00C04F79EFBC}") = "AsyncLocalRegion", "AsyncLocalRegion\AsyncLocalRegion.csproj", "{63CA98C8-6D0F-47F3-B14B-A00609FBE81A}"
EndProject
Project("{FAE04EC0-301F-11D3-BF4B-00C04F79EFBC}") = "AsyncLocalRegionTests", "AsyncLocalRegionTests\AsyncLocalRegionTests.csproj", "{21857896-346D-47BC-B63C-BE2DCC92543C}"
EndProject
Project("{2150E333-8FDC-42A3-9474-1A3956D46DE8}") = "Root", "Root", "{F6C3B32C-2488-406F-B6B1-E12629EB0DCB}"
	ProjectSection(SolutionItems) = preProject
		.editorconfig = .editorconfig
		README.md = README.md
		LICENSE = LICENSE
	EndProjectSection
EndProject
Global
	GlobalSection(SolutionConfigurationPlatforms) = preSolution
		Debug|Any CPU = Debug|Any CPU
		Release|Any CPU = Release|Any CPU
	EndGlobalSection
	GlobalSection(ProjectConfigurationPlatforms) = postSolution
		{63CA98C8-6D0F-47F3-B14B-A00609FBE81A}.Debug|Any CPU.ActiveCfg = Debug|Any CPU
		{63CA98C8-6D0F-47F3-B14B-A00609FBE81A}.Debug|Any CPU.Build.0 = Debug|Any CPU
		{63CA98C8-6D0F-47F3-B14B-A00609FBE81A}.Release|Any CPU.ActiveCfg = Release|Any CPU
		{63CA98C8-6D0F-47F3-B14B-A00609FBE81A}.Release|Any CPU.Build.0 = Release|Any CPU
		{21857896-346D-47BC-B63C-BE2DCC92543C}.Debug|Any CPU.ActiveCfg = Debug|Any CPU
		{21857896-346D-47BC-B63C-BE2DCC92543C}.Debug|Any CPU.Build.0 = Debug|Any CPU
		{21857896-346D-47BC-B63C-BE2DCC92543C}.Release|Any CPU.ActiveCfg = Release|Any CPU
		{21857896-346D-47BC-B63C-BE2DCC92543C}.Release|Any CPU.Build.0 = Release|Any CPU
	EndGlobalSection
EndGlobal
